
Microsoft Visual Studio Solution File, Format Version 12.00
# Visual Studio Version 16
VisualStudioVersion = 16.0.29306.81
MinimumVisualStudioVersion = 10.0.40219.1
Project("{FAE04EC0-301F-11D3-BF4B-00C04F79EFBC}") = "Test", "Test.csproj", "{4BF83C1E-2076-474E-8412-8F73B6DE184E}"
EndProject
Global
	GlobalSection(SolutionConfigurationPlatforms) = preSolution
		Debug|Any CPU = Debug|Any CPU
		Release|Any CPU = Release|Any CPU
	EndGlobalSection
	GlobalSection(ProjectConfigurationPlatforms) = postSolution
		{4BF83C1E-2076-474E-8412-8F73B6DE184E}.Debug|Any CPU.ActiveCfg = Debug|Any CPU
		{4BF83C1E-2076-474E-8412-8F73B6DE184E}.Debug|Any CPU.Build.0 = Debug|Any CPU
		{4BF83C1E-2076-474E-8412-8F73B6DE184E}.Release|Any CPU.ActiveCfg = Release|Any CPU
		{4BF83C1E-2076-474E-8412-8F73B6DE184E}.Release|Any CPU.Build.0 = Release|Any CPU
	EndGlobalSection
	GlobalSection(SolutionProperties) = preSolution
		HideSolutionNode = FALSE
	EndGlobalSection
	GlobalSection(ExtensibilityGlobals) = postSolution
		SolutionGuid = {FE4F75E0-F397-4C7C-B581-375D32641289}
	EndGlobalSection
EndGlobal
